
Microsoft Visual Studio Solution File, Format Version 12.00
# Visual Studio Version 16
VisualStudioVersion = 16.0.31729.503
MinimumVisualStudioVersion = 10.0.40219.1
Project("{FAE04EC0-301F-11D3-BF4B-00C04F79EFBC}") = "WebAppDemo", "WebAppDemo\WebAppDemo.csproj", "{FC152827-7F21-4E01-A259-1701DFAC7D31}"
EndProject
Global
	GlobalSection(SolutionConfigurationPlatforms) = preSolution
		Debug|Any CPU = Debug|Any CPU
		Release|Any CPU = Release|Any CPU
	EndGlobalSection
	GlobalSection(ProjectConfigurationPlatforms) = postSolution
		{FC152827-7F21-4E01-A259-1701DFAC7D31}.Debug|Any CPU.ActiveCfg = Debug|Any CPU
		{FC152827-7F21-4E01-A259-1701DFAC7D31}.Debug|Any CPU.Build.0 = Debug|Any CPU
		{FC152827-7F21-4E01-A259-1701DFAC7D31}.Release|Any CPU.ActiveCfg = Release|Any CPU
		{FC152827-7F21-4E01-A259-1701DFAC7D31}.Release|Any CPU.Build.0 = Release|Any CPU
	EndGlobalSection
	GlobalSection(SolutionProperties) = preSolution
		HideSolutionNode = FALSE
	EndGlobalSection
	GlobalSection(ExtensibilityGlobals) = postSolution
		SolutionGuid = {E62396EA-4182-4CAB-8108-6F2F01E50930}
	EndGlobalSection
EndGlobal
